
Microsoft Visual Studio Solution File, Format Version 12.00
# Visual Studio Version 16
VisualStudioVersion = 16.0.31005.135
MinimumVisualStudioVersion = 10.0.40219.1
Project("{FAE04EC0-301F-11D3-BF4B-00C04F79EFBC}") = "Kaioordinate-BoLiu", "Kaioordinate-BoLiu\Kaioordinate-BoLiu.csproj", "{CC5BB07A-E83F-42A9-A1E2-39FF5AB56873}"
EndProject
Global
	GlobalSection(SolutionConfigurationPlatforms) = preSolution
		Debug|Any CPU = Debug|Any CPU
		Release|Any CPU = Release|Any CPU
	EndGlobalSection
	GlobalSection(ProjectConfigurationPlatforms) = postSolution
		{CC5BB07A-E83F-42A9-A1E2-39FF5AB56873}.Debug|Any CPU.ActiveCfg = Debug|Any CPU
		{CC5BB07A-E83F-42A9-A1E2-39FF5AB56873}.Debug|Any CPU.Build.0 = Debug|Any CPU
		{CC5BB07A-E83F-42A9-A1E2-39FF5AB56873}.Release|Any CPU.ActiveCfg = Release|Any CPU
		{CC5BB07A-E83F-42A9-A1E2-39FF5AB56873}.Release|Any CPU.Build.0 = Release|Any CPU
	EndGlobalSection
	GlobalSection(SolutionProperties) = preSolution
		HideSolutionNode = FALSE
	EndGlobalSection
	GlobalSection(ExtensibilityGlobals) = postSolution
		SolutionGuid = {09DBA1A3-1FC4-459E-A905-0FFF56F09339}
	EndGlobalSection
EndGlobal
